
Microsoft Visual Studio Solution File, Format Version 12.00
# Visual Studio Version 17
VisualStudioVersion = 17.14.36623.8 d17.14
MinimumVisualStudioVersion = 10.0.40219.1
Project("{FAE04EC0-301F-11D3-BF4B-00C04F79EFBC}") = "Task1", "Task1\Task1.csproj", "{CF68192F-9071-4135-B003-DA73BDA72028}"
EndProject
Project("{2150E333-8FDC-42A3-9474-1A3956D46DE8}") = "Solution Items", "Solution Items", "{8EC462FD-D22E-90A8-E5CE-7E832BA40C5D}"
	ProjectSection(SolutionItems) = preProject
		.gitignore = .gitignore
	EndProjectSection
EndProject
Project("{FAE04EC0-301F-11D3-BF4B-00C04F79EFBC}") = "Task 2", "Task 2\Task 2.csproj", "{F97D00CC-1B10-41F2-BD4F-EC4013E2B9B9}"
EndProject
Project("{FAE04EC0-301F-11D3-BF4B-00C04F79EFBC}") = "Task 3", "Task 3\Task 3.csproj", "{65F0A12A-B412-4277-948E-34FE7C3012EA}"
EndProject
Project("{FAE04EC0-301F-11D3-BF4B-00C04F79EFBC}") = "Task 4", "Task 4\Task 4.csproj", "{62295FA7-2844-43E8-BE4F-C08F261217F0}"
EndProject
Global
	GlobalSection(SolutionConfigurationPlatforms) = preSolution
		Debug|Any CPU = Debug|Any CPU
		Release|Any CPU = Release|Any CPU
	EndGlobalSection
	GlobalSection(ProjectConfigurationPlatforms) = postSolution
		{CF68192F-9071-4135-B003-DA73BDA72028}.Debug|Any CPU.ActiveCfg = Debug|Any CPU
		{CF68192F-9071-4135-B003-DA73BDA72028}.Debug|Any CPU.Build.0 = Debug|Any CPU
		{CF68192F-9071-4135-B003-DA73BDA72028}.Release|Any CPU.ActiveCfg = Release|Any CPU
		{CF68192F-9071-4135-B003-DA73BDA72028}.Release|Any CPU.Build.0 = Release|Any CPU
		{F97D00CC-1B10-41F2-BD4F-EC4013E2B9B9}.Debug|Any CPU.ActiveCfg = Debug|Any CPU
		{F97D00CC-1B10-41F2-BD4F-EC4013E2B9B9}.Debug|Any CPU.Build.0 = Debug|Any CPU
		{F97D00CC-1B10-41F2-BD4F-EC4013E2B9B9}.Release|Any CPU.ActiveCfg = Release|Any CPU
		{F97D00CC-1B10-41F2-BD4F-EC4013E2B9B9}.Release|Any CPU.Build.0 = Release|Any CPU
		{65F0A12A-B412-4277-948E-34FE7C3012EA}.Debug|Any CPU.ActiveCfg = Debug|Any CPU
		{65F0A12A-B412-4277-948E-34FE7C3012EA}.Debug|Any CPU.Build.0 = Debug|Any CPU
		{65F0A12A-B412-4277-948E-34FE7C3012EA}.Release|Any CPU.ActiveCfg = Release|Any CPU
		{65F0A12A-B412-4277-948E-34FE7C3012EA}.Release|Any CPU.Build.0 = Release|Any CPU
		{62295FA7-2844-43E8-BE4F-C08F261217F0}.Debug|Any CPU.ActiveCfg = Debug|Any CPU
		{62295FA7-2844-43E8-BE4F-C08F261217F0}.Debug|Any CPU.Build.0 = Debug|Any CPU
		{62295FA7-2844-43E8-BE4F-C08F261217F0}.Release|Any CPU.ActiveCfg = Release|Any CPU
		{62295FA7-2844-43E8-BE4F-C08F261217F0}.Release|Any CPU.Build.0 = Release|Any CPU
	EndGlobalSection
	GlobalSection(SolutionProperties) = preSolution
		HideSolutionNode = FALSE
	EndGlobalSection
	GlobalSection(ExtensibilityGlobals) = postSolution
		SolutionGuid = {2B9E3558-FA03-44FF-880A-C190AACD5D2E}
	EndGlobalSection
EndGlobal
